
Microsoft Visual Studio Solution File, Format Version 12.00
# Visual Studio 15
VisualStudioVersion = 15.0.28307.421
MinimumVisualStudioVersion = 10.0.40219.1
Project("{FAE04EC0-301F-11D3-BF4B-00C04F79EFBC}") = "Web_App_SistemKontroloru", "Web_App_SistemKontroloru\Web_App_SistemKontroloru.csproj", "{E8B09FA6-C619-4E8A-9E03-E524F01CEB95}"
EndProject
Global
	GlobalSection(SolutionConfigurationPlatforms) = preSolution
		Debug|Any CPU = Debug|Any CPU
		Release|Any CPU = Release|Any CPU
	EndGlobalSection
	GlobalSection(ProjectConfigurationPlatforms) = postSolution
		{E8B09FA6-C619-4E8A-9E03-E524F01CEB95}.Debug|Any CPU.ActiveCfg = Debug|Any CPU
		{E8B09FA6-C619-4E8A-9E03-E524F01CEB95}.Debug|Any CPU.Build.0 = Debug|Any CPU
		{E8B09FA6-C619-4E8A-9E03-E524F01CEB95}.Release|Any CPU.ActiveCfg = Release|Any CPU
		{E8B09FA6-C619-4E8A-9E03-E524F01CEB95}.Release|Any CPU.Build.0 = Release|Any CPU
	EndGlobalSection
	GlobalSection(SolutionProperties) = preSolution
		HideSolutionNode = FALSE
	EndGlobalSection
	GlobalSection(ExtensibilityGlobals) = postSolution
		SolutionGuid = {836314ED-3C63-4862-97F4-8001C9C4AD9D}
	EndGlobalSection
EndGlobal
